// !$*UTF8*$!
{
	archiveVersion = 1;
	classes = {
	};
	objectVersion = 56;
	objects = {

/* Begin PBXBuildFile section */
		D335160A29CEEE4D009CA946 /* OpenAIApi.swift in Sources */ = {isa = PBXBuildFile; fileRef = D335160929CEEE4D009CA946 /* OpenAIApi.swift */; };
		D335160C29CEF043009CA946 /* Message.swift in Sources */ = {isa = PBXBuildFile; fileRef = D335160B29CEF043009CA946 /* Message.swift */; };
		D35129F429C4ADBC00B876EF /* OpenAISwift in Frameworks */ = {isa = PBXBuildFile; productRef = D35129F329C4ADBC00B876EF /* OpenAISwift */; };
		D3B6292629CB643200CBC12A /* ChatViewModel.swift in Sources */ = {isa = PBXBuildFile; fileRef = D3B6292529CB643200CBC12A /* ChatViewModel.swift */; };
		D3B6293729CB67F700CBC12A /* AITableViewCell.swift in Sources */ = {isa = PBXBuildFile; fileRef = D3B6293529CB67F700CBC12A /* AITableViewCell.swift */; };
		D3B6293829CB67F700CBC12A /* AITableViewCell.xib in Resources */ = {isa = PBXBuildFile; fileRef = D3B6293629CB67F700CBC12A /* AITableViewCell.xib */; };
		D3B6293B29CB680800CBC12A /* UserTableViewCell.swift in Sources */ = {isa = PBXBuildFile; fileRef = D3B6293929CB680800CBC12A /* UserTableViewCell.swift */; };
		D3B6293C29CB680800CBC12A /* UserTableViewCell.xib in Resources */ = {isa = PBXBuildFile; fileRef = D3B6293A29CB680800CBC12A /* UserTableViewCell.xib */; };
		D3BCBCBC29BA4A41009821F6 /* AppDelegate.swift in Sources */ = {isa = PBXBuildFile; fileRef = D3BCBCBB29BA4A41009821F6 /* AppDelegate.swift */; };
		D3BCBCBE29BA4A41009821F6 /* SceneDelegate.swift in Sources */ = {isa = PBXBuildFile; fileRef = D3BCBCBD29BA4A41009821F6 /* SceneDelegate.swift */; };
		D3BCBCC029BA4A41009821F6 /* ChatViewController.swift in Sources */ = {isa = PBXBuildFile; fileRef = D3BCBCBF29BA4A41009821F6 /* ChatViewController.swift */; };
		D3BCBCC329BA4A41009821F6 /* Main.storyboard in Resources */ = {isa = PBXBuildFile; fileRef = D3BCBCC129BA4A41009821F6 /* Main.storyboard */; };
		D3BCBCC629BA4A41009821F6 /* ChatGPT.xcdatamodeld in Sources */ = {isa = PBXBuildFile; fileRef = D3BCBCC429BA4A41009821F6 /* ChatGPT.xcdatamodeld */; };
		D3BCBCC829BA4A42009821F6 /* Assets.xcassets in Resources */ = {isa = PBXBuildFile; fileRef = D3BCBCC729BA4A42009821F6 /* Assets.xcassets */; };
		D3BCBCCB29BA4A42009821F6 /* LaunchScreen.storyboard in Resources */ = {isa = PBXBuildFile; fileRef = D3BCBCC929BA4A42009821F6 /* LaunchScreen.storyboard */; };
		D3BCBCD329BA4A59009821F6 /* Constant.swift in Sources */ = {isa = PBXBuildFile; fileRef = D3BCBCD229BA4A59009821F6 /* Constant.swift */; };
		D3BCBCDD29BA4EF3009821F6 /* RequestManager.swift in Sources */ = {isa = PBXBuildFile; fileRef = D3BCBCDC29BA4EF3009821F6 /* RequestManager.swift */; };
/* End PBXBuildFile section */

/* Begin PBXFileReference section */
		D335160929CEEE4D009CA946 /* OpenAIApi.swift */ = {isa = PBXFileReference; lastKnownFileType = sourcecode.swift; path = OpenAIApi.swift; sourceTree = "<group>"; };
		D335160B29CEF043009CA946 /* Message.swift */ = {isa = PBXFileReference; lastKnownFileType = sourcecode.swift; path = Message.swift; sourceTree = "<group>"; };
		D3B6292529CB643200CBC12A /* ChatViewModel.swift */ = {isa = PBXFileReference; lastKnownFileType = sourcecode.swift; path = ChatViewModel.swift; sourceTree = "<group>"; };
		D3B6293529CB67F700CBC12A /* AITableViewCell.swift */ = {isa = PBXFileReference; lastKnownFileType = sourcecode.swift; path = AITableViewCell.swift; sourceTree = "<group>"; };
		D3B6293629CB67F700CBC12A /* AITableViewCell.xib */ = {isa = PBXFileReference; lastKnownFileType = file.xib; path = AITableViewCell.xib; sourceTree = "<group>"; };
		D3B6293929CB680800CBC12A /* UserTableViewCell.swift */ = {isa = PBXFileReference; lastKnownFileType = sourcecode.swift; path = UserTableViewCell.swift; sourceTree = "<group>"; };
		D3B6293A29CB680800CBC12A /* UserTableViewCell.xib */ = {isa = PBXFileReference; lastKnownFileType = file.xib; path = UserTableViewCell.xib; sourceTree = "<group>"; };
		D3BCBCB829BA4A41009821F6 /* ChatGPT.app */ = {isa = PBXFileReference; explicitFileType = wrapper.application; includeInIndex = 0; path = ChatGPT.app; sourceTree = BUILT_PRODUCTS_DIR; };
		D3BCBCBB29BA4A41009821F6 /* AppDelegate.swift */ = {isa = PBXFileReference; lastKnownFileType = sourcecode.swift; path = AppDelegate.swift; sourceTree = "<group>"; };
		D3BCBCBD29BA4A41009821F6 /* SceneDelegate.swift */ = {isa = PBXFileReference; lastKnownFileType = sourcecode.swift; path = SceneDelegate.swift; sourceTree = "<group>"; };
		D3BCBCBF29BA4A41009821F6 /* ChatViewController.swift */ = {isa = PBXFileReference; lastKnownFileType = sourcecode.swift; path = ChatViewController.swift; sourceTree = "<group>"; };
		D3BCBCC229BA4A41009821F6 /* Base */ = {isa = PBXFileReference; lastKnownFileType = file.storyboard; name = Base; path = Base.lproj/Main.storyboard; sourceTree = "<group>"; };
		D3BCBCC529BA4A41009821F6 /* ChatGPT.xcdatamodel */ = {isa = PBXFileReference; lastKnownFileType = wrapper.xcdatamodel; path = ChatGPT.xcdatamodel; sourceTree = "<group>"; };
		D3BCBCC729BA4A42009821F6 /* Assets.xcassets */ = {isa = PBXFileReference; lastKnownFileType = folder.assetcatalog; path = Assets.xcassets; sourceTree = "<group>"; };
		D3BCBCCA29BA4A42009821F6 /* Base */ = {isa = PBXFileReference; lastKnownFileType = file.storyboard; name = Base; path = Base.lproj/LaunchScreen.storyboard; sourceTree = "<group>"; };
		D3BCBCCC29BA4A42009821F6 /* Info.plist */ = {isa = PBXFileReference; lastKnownFileType = text.plist.xml; path = Info.plist; sourceTree = "<group>"; };
		D3BCBCD229BA4A59009821F6 /* Constant.swift */ = {isa = PBXFileReference; lastKnownFileType = sourcecode.swift; path = Constant.swift; sourceTree = "<group>"; };
		D3BCBCDC29BA4EF3009821F6 /* RequestManager.swift */ = {isa = PBXFileReference; lastKnownFileType = sourcecode.swift; path = RequestManager.swift; sourceTree = "<group>"; };
/* End PBXFileReference section */

/* Begin PBXFrameworksBuildPhase section */
		D3BCBCB529BA4A41009821F6 /* Frameworks */ = {
			isa = PBXFrameworksBuildPhase;
			buildActionMask = 2147483647;
			files = (
				D35129F429C4ADBC00B876EF /* OpenAISwift in Frameworks */,
			);
			runOnlyForDeploymentPostprocessing = 0;
		};
/* End PBXFrameworksBuildPhase section */

/* Begin PBXGroup section */
		D335160829CEEE22009CA946 /* OpenAIApi */ = {
			isa = PBXGroup;
			children = (
				D335160929CEEE4D009CA946 /* OpenAIApi.swift */,
			);
			path = OpenAIApi;
			sourceTree = "<group>";
		};
		D3B6292129CB610900CBC12A /* ChatGPT */ = {
			isa = PBXGroup;
			children = (
				D3BCBCC129BA4A41009821F6 /* Main.storyboard */,
				D3BCBCD529BA4E34009821F6 /* View */,
				D3B6292329CB634700CBC12A /* Cells */,
				D3BCBCD629BA4E41009821F6 /* ViewModel */,
				D3BCBCD429BA4E17009821F6 /* Model */,
				D335160829CEEE22009CA946 /* OpenAIApi */,
			);
			path = ChatGPT;
			sourceTree = "<group>";
		};
		D3B6292229CB632A00CBC12A /* PresentationLayer */ = {
			isa = PBXGroup;
			children = (
				D3B6292129CB610900CBC12A /* ChatGPT */,
			);
			path = PresentationLayer;
			sourceTree = "<group>";
		};
		D3B6292329CB634700CBC12A /* Cells */ = {
			isa = PBXGroup;
			children = (
				D3B6293429CB67E700CBC12A /* AI */,
				D3B6293329CB67E000CBC12A /* User */,
			);
			path = Cells;
			sourceTree = "<group>";
		};
		D3B6292429CB637200CBC12A /* NetworkLayer */ = {
			isa = PBXGroup;
			children = (
				D3BCBCDC29BA4EF3009821F6 /* RequestManager.swift */,
			);
			path = NetworkLayer;
			sourceTree = "<group>";
		};
		D3B6293329CB67E000CBC12A /* User */ = {
			isa = PBXGroup;
			children = (
				D3B6293929CB680800CBC12A /* UserTableViewCell.swift */,
				D3B6293A29CB680800CBC12A /* UserTableViewCell.xib */,
			);
			path = User;
			sourceTree = "<group>";
		};
		D3B6293429CB67E700CBC12A /* AI */ = {
			isa = PBXGroup;
			children = (
				D3B6293529CB67F700CBC12A /* AITableViewCell.swift */,
				D3B6293629CB67F700CBC12A /* AITableViewCell.xib */,
			);
			path = AI;
			sourceTree = "<group>";
		};
		D3BCBCAF29BA4A40009821F6 = {
			isa = PBXGroup;
			children = (
				D3BCBCBA29BA4A41009821F6 /* ChatGPT */,
				D3BCBCB929BA4A41009821F6 /* Products */,
			);
			sourceTree = "<group>";
		};
		D3BCBCB929BA4A41009821F6 /* Products */ = {
			isa = PBXGroup;
			children = (
				D3BCBCB829BA4A41009821F6 /* ChatGPT.app */,
			);
			name = Products;
			sourceTree = "<group>";
		};
		D3BCBCBA29BA4A41009821F6 /* ChatGPT */ = {
			isa = PBXGroup;
			children = (
				D3BCBCCC29BA4A42009821F6 /* Info.plist */,
				D3BCBCC429BA4A41009821F6 /* ChatGPT.xcdatamodeld */,
				D3BCBCD929BA4E73009821F6 /* Resources */,
				D3BCBCD729BA4E4E009821F6 /* SourceCode */,
			);
			path = ChatGPT;
			sourceTree = "<group>";
		};
		D3BCBCD429BA4E17009821F6 /* Model */ = {
			isa = PBXGroup;
			children = (
				D335160B29CEF043009CA946 /* Message.swift */,
			);
			path = Model;
			sourceTree = "<group>";
		};
		D3BCBCD529BA4E34009821F6 /* View */ = {
			isa = PBXGroup;
			children = (
				D3BCBCBF29BA4A41009821F6 /* ChatViewController.swift */,
			);
			path = View;
			sourceTree = "<group>";
		};
		D3BCBCD629BA4E41009821F6 /* ViewModel */ = {
			isa = PBXGroup;
			children = (
				D3B6292529CB643200CBC12A /* ChatViewModel.swift */,
			);
			path = ViewModel;
			sourceTree = "<group>";
		};
		D3BCBCD729BA4E4E009821F6 /* SourceCode */ = {
			isa = PBXGroup;
			children = (
				D3BCBCDB29BA4E9B009821F6 /* ApplicationLayer */,
				D3B6292229CB632A00CBC12A /* PresentationLayer */,
				D3B6292429CB637200CBC12A /* NetworkLayer */,
				D3BCBCDA29BA4E82009821F6 /* Helper */,
			);
			path = SourceCode;
			sourceTree = "<group>";
		};
		D3BCBCD929BA4E73009821F6 /* Resources */ = {
			isa = PBXGroup;
			children = (
				D3BCBCC729BA4A42009821F6 /* Assets.xcassets */,
				D3BCBCC929BA4A42009821F6 /* LaunchScreen.storyboard */,
			);
			path = Resources;
			sourceTree = "<group>";
		};
		D3BCBCDA29BA4E82009821F6 /* Helper */ = {
			isa = PBXGroup;
			children = (
				D3BCBCD229BA4A59009821F6 /* Constant.swift */,
			);
			path = Helper;
			sourceTree = "<group>";
		};
		D3BCBCDB29BA4E9B009821F6 /* ApplicationLayer */ = {
			isa = PBXGroup;
			children = (
				D3BCBCBB29BA4A41009821F6 /* AppDelegate.swift */,
				D3BCBCBD29BA4A41009821F6 /* SceneDelegate.swift */,
			);
			path = ApplicationLayer;
			sourceTree = "<group>";
		};
/* End PBXGroup section */

/* Begin PBXNativeTarget section */
		D3BCBCB729BA4A41009821F6 /* ChatGPT */ = {
			isa = PBXNativeTarget;
			buildConfigurationList = D3BCBCCF29BA4A42009821F6 /* Build configuration list for PBXNativeTarget "ChatGPT" */;
			buildPhases = (
				D3BCBCB429BA4A41009821F6 /* Sources */,
				D3BCBCB529BA4A41009821F6 /* Frameworks */,
				D3BCBCB629BA4A41009821F6 /* Resources */,
			);
			buildRules = (
			);
			dependencies = (
			);
			name = ChatGPT;
			packageProductDependencies = (
				D35129F329C4ADBC00B876EF /* OpenAISwift */,
			);
			productName = ChatGPT;
			productReference = D3BCBCB829BA4A41009821F6 /* ChatGPT.app */;
			productType = "com.apple.product-type.application";
		};
/* End PBXNativeTarget section */

/* Begin PBXProject section */
		D3BCBCB029BA4A40009821F6 /* Project object */ = {
			isa = PBXProject;
			attributes = {
				BuildIndependentTargetsInParallel = 1;
				LastSwiftUpdateCheck = 1410;
				LastUpgradeCheck = 1410;
				TargetAttributes = {
					D3BCBCB729BA4A41009821F6 = {
						CreatedOnToolsVersion = 14.1;
					};
				};
			};
			buildConfigurationList = D3BCBCB329BA4A40009821F6 /* Build configuration list for PBXProject "ChatGPT" */;
			compatibilityVersion = "Xcode 14.0";
			developmentRegion = en;
			hasScannedForEncodings = 0;
			knownRegions = (
				en,
				Base,
			);
			mainGroup = D3BCBCAF29BA4A40009821F6;
			packageReferences = (
				D35129F229C4ADBC00B876EF /* XCRemoteSwiftPackageReference "OpenAISwift" */,
			);
			productRefGroup = D3BCBCB929BA4A41009821F6 /* Products */;
			projectDirPath = "";
			projectRoot = "";
			targets = (
				D3BCBCB729BA4A41009821F6 /* ChatGPT */,
			);
		};
/* End PBXProject section */

/* Begin PBXResourcesBuildPhase section */
		D3BCBCB629BA4A41009821F6 /* Resources */ = {
			isa = PBXResourcesBuildPhase;
			buildActionMask = 2147483647;
			files = (
				D3BCBCCB29BA4A42009821F6 /* LaunchScreen.storyboard in Resources */,
				D3B6293829CB67F700CBC12A /* AITableViewCell.xib in Resources */,
				D3BCBCC829BA4A42009821F6 /* Assets.xcassets in Resources */,
				D3BCBCC329BA4A41009821F6 /* Main.storyboard in Resources */,
				D3B6293C29CB680800CBC12A /* UserTableViewCell.xib in Resources */,
			);
			runOnlyForDeploymentPostprocessing = 0;
		};
/* End PBXResourcesBuildPhase section */

/* Begin PBXSourcesBuildPhase section */
		D3BCBCB429BA4A41009821F6 /* Sources */ = {
			isa = PBXSourcesBuildPhase;
			buildActionMask = 2147483647;
			files = (
				D3BCBCC029BA4A41009821F6 /* ChatViewController.swift in Sources */,
				D3B6293B29CB680800CBC12A /* UserTableViewCell.swift in Sources */,
				D3B6292629CB643200CBC12A /* ChatViewModel.swift in Sources */,
				D3BCBCBC29BA4A41009821F6 /* AppDelegate.swift in Sources */,
				D3BCBCD329BA4A59009821F6 /* Constant.swift in Sources */,
				D3BCBCDD29BA4EF3009821F6 /* RequestManager.swift in Sources */,
				D3B6293729CB67F700CBC12A /* AITableViewCell.swift in Sources */,
				D3BCBCBE29BA4A41009821F6 /* SceneDelegate.swift in Sources */,
				D335160C29CEF043009CA946 /* Message.swift in Sources */,
				D3BCBCC629BA4A41009821F6 /* ChatGPT.xcdatamodeld in Sources */,
				D335160A29CEEE4D009CA946 /* OpenAIApi.swift in Sources */,
			);
			runOnlyForDeploymentPostprocessing = 0;
		};
/* End PBXSourcesBuildPhase section */

/* Begin PBXVariantGroup section */
		D3BCBCC129BA4A41009821F6 /* Main.storyboard */ = {
			isa = PBXVariantGroup;
			children = (
				D3BCBCC229BA4A41009821F6 /* Base */,
			);
			name = Main.storyboard;
			sourceTree = "<group>";
		};
		D3BCBCC929BA4A42009821F6 /* LaunchScreen.storyboard */ = {
			isa = PBXVariantGroup;
			children = (
				D3BCBCCA29BA4A42009821F6 /* Base */,
			);
			name = LaunchScreen.storyboard;
			sourceTree = "<group>";
		};
/* End PBXVariantGroup section */

/* Begin XCBuildConfiguration section */
		D3BCBCCD29BA4A42009821F6 /* Debug */ = {
			isa = XCBuildConfiguration;
			buildSettings = {
				ALWAYS_SEARCH_USER_PATHS = NO;
				CLANG_ANALYZER_NONNULL = YES;
				CLANG_ANALYZER_NUMBER_OBJECT_CONVERSION = YES_AGGRESSIVE;
				CLANG_CXX_LANGUAGE_STANDARD = "gnu++20";
				CLANG_ENABLE_MODULES = YES;
				CLANG_ENABLE_OBJC_ARC = YES;
				CLANG_ENABLE_OBJC_WEAK = YES;
				CLANG_WARN_BLOCK_CAPTURE_AUTORELEASING = YES;
				CLANG_WARN_BOOL_CONVERSION = YES;
				CLANG_WARN_COMMA = YES;
				CLANG_WARN_CONSTANT_CONVERSION = YES;
				CLANG_WARN_DEPRECATED_OBJC_IMPLEMENTATIONS = YES;
				CLANG_WARN_DIRECT_OBJC_ISA_USAGE = YES_ERROR;
				CLANG_WARN_DOCUMENTATION_COMMENTS = YES;
				CLANG_WARN_EMPTY_BODY = YES;
				CLANG_WARN_ENUM_CONVERSION = YES;
				CLANG_WARN_INFINITE_RECURSION = YES;
				CLANG_WARN_INT_CONVERSION = YES;
				CLANG_WARN_NON_LITERAL_NULL_CONVERSION = YES;
				CLANG_WARN_OBJC_IMPLICIT_RETAIN_SELF = YES;
				CLANG_WARN_OBJC_LITERAL_CONVERSION = YES;
				CLANG_WARN_OBJC_ROOT_CLASS = YES_ERROR;
				CLANG_WARN_QUOTED_INCLUDE_IN_FRAMEWORK_HEADER = YES;
				CLANG_WARN_RANGE_LOOP_ANALYSIS = YES;
				CLANG_WARN_STRICT_PROTOTYPES = YES;
				CLANG_WARN_SUSPICIOUS_MOVE = YES;
				CLANG_WARN_UNGUARDED_AVAILABILITY = YES_AGGRESSIVE;
				CLANG_WARN_UNREACHABLE_CODE = YES;
				CLANG_WARN__DUPLICATE_METHOD_MATCH = YES;
				COPY_PHASE_STRIP = NO;
				DEBUG_INFORMATION_FORMAT = dwarf;
				ENABLE_STRICT_OBJC_MSGSEND = YES;
				ENABLE_TESTABILITY = YES;
				GCC_C_LANGUAGE_STANDARD = gnu11;
				GCC_DYNAMIC_NO_PIC = NO;
				GCC_NO_COMMON_BLOCKS = YES;
				GCC_OPTIMIZATION_LEVEL = 0;
				GCC_PREPROCESSOR_DEFINITIONS = (
					"DEBUG=1",
					"$(inherited)",
				);
				GCC_WARN_64_TO_32_BIT_CONVERSION = YES;
				GCC_WARN_ABOUT_RETURN_TYPE = YES_ERROR;
				GCC_WARN_UNDECLARED_SELECTOR = YES;
				GCC_WARN_UNINITIALIZED_AUTOS = YES_AGGRESSIVE;
				GCC_WARN_UNUSED_FUNCTION = YES;
				GCC_WARN_UNUSED_VARIABLE = YES;
				IPHONEOS_DEPLOYMENT_TARGET = 16.1;
				MTL_ENABLE_DEBUG_INFO = INCLUDE_SOURCE;
				MTL_FAST_MATH = YES;
				ONLY_ACTIVE_ARCH = YES;
				SDKROOT = iphoneos;
				SWIFT_ACTIVE_COMPILATION_CONDITIONS = DEBUG;
				SWIFT_OPTIMIZATION_LEVEL = "-Onone";
			};
			name = Debug;
		};
		D3BCBCCE29BA4A42009821F6 /* Release */ = {
			isa = XCBuildConfiguration;
			buildSettings = {
				ALWAYS_SEARCH_USER_PATHS = NO;
				CLANG_ANALYZER_NONNULL = YES;
				CLANG_ANALYZER_NUMBER_OBJECT_CONVERSION = YES_AGGRESSIVE;
				CLANG_CXX_LANGUAGE_STANDARD = "gnu++20";
				CLANG_ENABLE_MODULES = YES;
				CLANG_ENABLE_OBJC_ARC = YES;
				CLANG_ENABLE_OBJC_WEAK = YES;
				CLANG_WARN_BLOCK_CAPTURE_AUTORELEASING = YES;
				CLANG_WARN_BOOL_CONVERSION = YES;
				CLANG_WARN_COMMA = YES;
				CLANG_WARN_CONSTANT_CONVERSION = YES;
				CLANG_WARN_DEPRECATED_OBJC_IMPLEMENTATIONS = YES;
				CLANG_WARN_DIRECT_OBJC_ISA_USAGE = YES_ERROR;
				CLANG_WARN_DOCUMENTATION_COMMENTS = YES;
				CLANG_WARN_EMPTY_BODY = YES;
				CLANG_WARN_ENUM_CONVERSION = YES;
				CLANG_WARN_INFINITE_RECURSION = YES;
				CLANG_WARN_INT_CONVERSION = YES;
				CLANG_WARN_NON_LITERAL_NULL_CONVERSION = YES;
				CLANG_WARN_OBJC_IMPLICIT_RETAIN_SELF = YES;
				CLANG_WARN_OBJC_LITERAL_CONVERSION = YES;
				CLANG_WARN_OBJC_ROOT_CLASS = YES_ERROR;
				CLANG_WARN_QUOTED_INCLUDE_IN_FRAMEWORK_HEADER = YES;
				CLANG_WARN_RANGE_LOOP_ANALYSIS = YES;
				CLANG_WARN_STRICT_PROTOTYPES = YES;
				CLANG_WARN_SUSPICIOUS_MOVE = YES;
				CLANG_WARN_UNGUARDED_AVAILABILITY = YES_AGGRESSIVE;
				CLANG_WARN_UNREACHABLE_CODE = YES;
				CLANG_WARN__DUPLICATE_METHOD_MATCH = YES;
				COPY_PHASE_STRIP = NO;
				DEBUG_INFORMATION_FORMAT = "dwarf-with-dsym";
				ENABLE_NS_ASSERTIONS = NO;
				ENABLE_STRICT_OBJC_MSGSEND = YES;
				GCC_C_LANGUAGE_STANDARD = gnu11;
				GCC_NO_COMMON_BLOCKS = YES;
				GCC_WARN_64_TO_32_BIT_CONVERSION = YES;
				GCC_WARN_ABOUT_RETURN_TYPE = YES_ERROR;
				GCC_WARN_UNDECLARED_SELECTOR = YES;
				GCC_WARN_UNINITIALIZED_AUTOS = YES_AGGRESSIVE;
				GCC_WARN_UNUSED_FUNCTION = YES;
				GCC_WARN_UNUSED_VARIABLE = YES;
				IPHONEOS_DEPLOYMENT_TARGET = 16.1;
				MTL_ENABLE_DEBUG_INFO = NO;
				MTL_FAST_MATH = YES;
				SDKROOT = iphoneos;
				SWIFT_COMPILATION_MODE = wholemodule;
				SWIFT_OPTIMIZATION_LEVEL = "-O";
				VALIDATE_PRODUCT = YES;
			};
			name = Release;
		};
		D3BCBCD029BA4A42009821F6 /* Debug */ = {
			isa = XCBuildConfiguration;
			buildSettings = {
				ASSETCATALOG_COMPILER_APPICON_NAME = AppIcon;
				ASSETCATALOG_COMPILER_GLOBAL_ACCENT_COLOR_NAME = AccentColor;
				CODE_SIGN_STYLE = Automatic;
				CURRENT_PROJECT_VERSION = 1;
				GENERATE_INFOPLIST_FILE = YES;
				INFOPLIST_FILE = ChatGPT/Info.plist;
				INFOPLIST_KEY_UIApplicationSupportsIndirectInputEvents = YES;
				INFOPLIST_KEY_UILaunchStoryboardName = LaunchScreen;
				INFOPLIST_KEY_UIMainStoryboardFile = Main;
				INFOPLIST_KEY_UISupportedInterfaceOrientations_iPad = "UIInterfaceOrientationPortrait UIInterfaceOrientationPortraitUpsideDown UIInterfaceOrientationLandscapeLeft UIInterfaceOrientationLandscapeRight";
				INFOPLIST_KEY_UISupportedInterfaceOrientations_iPhone = "UIInterfaceOrientationPortrait UIInterfaceOrientationLandscapeLeft UIInterfaceOrientationLandscapeRight";
				LD_RUNPATH_SEARCH_PATHS = (
					"$(inherited)",
					"@executable_path/Frameworks",
				);
				MARKETING_VERSION = 1.0;
				PRODUCT_BUNDLE_IDENTIFIER = com.yash.ChatGPT;
				PRODUCT_NAME = "$(TARGET_NAME)";
				SWIFT_EMIT_LOC_STRINGS = YES;
				SWIFT_VERSION = 5.0;
				TARGETED_DEVICE_FAMILY = "1,2";
			};
			name = Debug;
		};
		D3BCBCD129BA4A42009821F6 /* Release */ = {
			isa = XCBuildConfiguration;
			buildSettings = {
				ASSETCATALOG_COMPILER_APPICON_NAME = AppIcon;
				ASSETCATALOG_COMPILER_GLOBAL_ACCENT_COLOR_NAME = AccentColor;
				CODE_SIGN_STYLE = Automatic;
				CURRENT_PROJECT_VERSION = 1;
				GENERATE_INFOPLIST_FILE = YES;
				INFOPLIST_FILE = ChatGPT/Info.plist;
				INFOPLIST_KEY_UIApplicationSupportsIndirectInputEvents = YES;
				INFOPLIST_KEY_UILaunchStoryboardName = LaunchScreen;
				INFOPLIST_KEY_UIMainStoryboardFile = Main;
				INFOPLIST_KEY_UISupportedInterfaceOrientations_iPad = "UIInterfaceOrientationPortrait UIInterfaceOrientationPortraitUpsideDown UIInterfaceOrientationLandscapeLeft UIInterfaceOrientationLandscapeRight";
				INFOPLIST_KEY_UISupportedInterfaceOrientations_iPhone = "UIInterfaceOrientationPortrait UIInterfaceOrientationLandscapeLeft UIInterfaceOrientationLandscapeRight";
				LD_RUNPATH_SEARCH_PATHS = (
					"$(inherited)",
					"@executable_path/Frameworks",
				);
				MARKETING_VERSION = 1.0;
				PRODUCT_BUNDLE_IDENTIFIER = com.yash.ChatGPT;
				PRODUCT_NAME = "$(TARGET_NAME)";
				SWIFT_EMIT_LOC_STRINGS = YES;
				SWIFT_VERSION = 5.0;
				TARGETED_DEVICE_FAMILY = "1,2";
			};
			name = Release;
		};
/* End XCBuildConfiguration section */

/* Begin XCConfigurationList section */
		D3BCBCB329BA4A40009821F6 /* Build configuration list for PBXProject "ChatGPT" */ = {
			isa = XCConfigurationList;
			buildConfigurations = (
				D3BCBCCD29BA4A42009821F6 /* Debug */,
				D3BCBCCE29BA4A42009821F6 /* Release */,
			);
			defaultConfigurationIsVisible = 0;
			defaultConfigurationName = Release;
		};
		D3BCBCCF29BA4A42009821F6 /* Build configuration list for PBXNativeTarget "ChatGPT" */ = {
			isa = XCConfigurationList;
			buildConfigurations = (
				D3BCBCD029BA4A42009821F6 /* Debug */,
				D3BCBCD129BA4A42009821F6 /* Release */,
			);
			defaultConfigurationIsVisible = 0;
			defaultConfigurationName = Release;
		};
/* End XCConfigurationList section */

/* Begin XCRemoteSwiftPackageReference section */
		D35129F229C4ADBC00B876EF /* XCRemoteSwiftPackageReference "OpenAISwift" */ = {
			isa = XCRemoteSwiftPackageReference;
			repositoryURL = "https://github.com/adamrushy/OpenAISwift";
			requirement = {
				kind = upToNextMajorVersion;
				minimumVersion = 1.0.0;
			};
		};
/* End XCRemoteSwiftPackageReference section */

/* Begin XCSwiftPackageProductDependency section */
		D35129F329C4ADBC00B876EF /* OpenAISwift */ = {
			isa = XCSwiftPackageProductDependency;
			package = D35129F229C4ADBC00B876EF /* XCRemoteSwiftPackageReference "OpenAISwift" */;
			productName = OpenAISwift;
		};
/* End XCSwiftPackageProductDependency section */

/* Begin XCVersionGroup section */
		D3BCBCC429BA4A41009821F6 /* ChatGPT.xcdatamodeld */ = {
			isa = XCVersionGroup;
			children = (
				D3BCBCC529BA4A41009821F6 /* ChatGPT.xcdatamodel */,
			);
			currentVersion = D3BCBCC529BA4A41009821F6 /* ChatGPT.xcdatamodel */;
			path = ChatGPT.xcdatamodeld;
			sourceTree = "<group>";
			versionGroupType = wrapper.xcdatamodel;
		};
/* End XCVersionGroup section */
	};
	rootObject = D3BCBCB029BA4A40009821F6 /* Project object */;
}
